{
  "version": 4,
  "terraform_version": "1.14.3",
  "serial": 11,
  "lineage": "f3d32c19-a6b1-203a-6dc6-2118d99715af",
  "outputs": {
    "certificate_arn": {
      "value": "arn:aws:acm:us-east-1:255977230735:certificate/ead9ea3d-cc23-44cc-8fd7-4ef832dae55e",
      "type": "string"
    },
    "nameservers": {
      "value": [
        "ns-1344.awsdns-40.org",
        "ns-1771.awsdns-29.co.uk",
        "ns-399.awsdns-49.com",
        "ns-583.awsdns-08.net"
      ],
      "type": [
        "list",
        "string"
      ]
    },
    "s3_bucket_arn": {
      "value": "arn:aws:s3:::thefretdetective-website",
      "type": "string"
    },
    "s3_bucket_name": {
      "value": "thefretdetective-website",
      "type": "string"
    },
    "website_url": {
      "value": "https://thefretdetective.com",
      "type": "string"
    }
  },
  "resources": [
    {
      "mode": "managed",
      "type": "aws_acm_certificate",
      "name": "website",
      "provider": "provider[\"registry.terraform.io/hashicorp/aws\"].us_east_1",
      "instances": [
        {
          "schema_version": 0,
          "attributes": {
            "arn": "arn:aws:acm:us-east-1:255977230735:certificate/ead9ea3d-cc23-44cc-8fd7-4ef832dae55e",
            "certificate_authority_arn": "",
            "certificate_body": null,
            "certificate_chain": null,
            "domain_name": "thefretdetective.com",
            "domain_validation_options": [
              {
                "domain_name": "thefretdetective.com",
                "resource_record_name": "_568b36aab81eb1348668dd797f5fc356.thefretdetective.com.",
                "resource_record_type": "CNAME",
                "resource_record_value": "_ee3cbe04144f6edd24c9f4efa8e00885.jkddzztszm.acm-validations.aws."
              },
              {
                "domain_name": "www.thefretdetective.com",
                "resource_record_name": "_7e6f9b8aa743ea9abb2633e229825397.www.thefretdetective.com.",
                "resource_record_type": "CNAME",
                "resource_record_value": "_8f7964a35e828b015efd9f1607e37c0e.jkddzztszm.acm-validations.aws."
              }
            ],
            "early_renewal_duration": "",
            "id": "arn:aws:acm:us-east-1:255977230735:certificate/ead9ea3d-cc23-44cc-8fd7-4ef832dae55e",
            "key_algorithm": "RSA_2048",
            "not_after": "",
            "not_before": "",
            "options": [
              {
                "certificate_transparency_logging_preference": "ENABLED"
              }
            ],
            "pending_renewal": false,
            "private_key": null,
            "renewal_eligibility": "INELIGIBLE",
            "renewal_summary": [],
            "status": "PENDING_VALIDATION",
            "subject_alternative_names": [
              "thefretdetective.com",
              "www.thefretdetective.com"
            ],
            "tags": {
              "Name": "Fret Detective SSL Certificate"
            },
            "tags_all": {
              "Environment": "prod",
              "ManagedBy": "terraform",
              "Name": "Fret Detective SSL Certificate",
              "Project": "thefretdetective"
            },
            "type": "AMAZON_ISSUED",
            "validation_emails": [],
            "validation_method": "DNS",
            "validation_option": []
          },
          "sensitive_attributes": [
            [
              {
                "type": "get_attr",
                "value": "private_key"
              }
            ]
          ],
          "identity_schema_version": 0,
          "private": "bnVsbA==",
          "create_before_destroy": true
        }
      ]
    },
    {
      "mode": "managed",
      "type": "aws_cloudfront_origin_access_control",
      "name": "website",
      "provider": "provider[\"registry.terraform.io/hashicorp/aws\"]",
      "instances": [
        {
          "schema_version": 0,
          "attributes": {
            "arn": "arn:aws:cloudfront::255977230735:origin-access-control/E2XXI1VGNT538A",
            "description": "OAC for thefretdetective.com",
            "etag": "ETVPDKIKX0DER",
            "id": "E2XXI1VGNT538A",
            "name": "thefretdetective-website-oac",
            "origin_access_control_origin_type": "s3",
            "signing_behavior": "always",
            "signing_protocol": "sigv4"
          },
          "sensitive_attributes": [],
          "identity_schema_version": 0,
          "private": "bnVsbA=="
        }
      ]
    },
    {
      "mode": "managed",
      "type": "aws_route53_record",
      "name": "cert_validation",
      "provider": "provider[\"registry.terraform.io/hashicorp/aws\"]",
      "instances": [
        {
          "index_key": "thefretdetective.com",
          "schema_version": 2,
          "attributes": {
            "alias": [],
            "allow_overwrite": true,
            "cidr_routing_policy": [],
            "failover_routing_policy": [],
            "fqdn": "_568b36aab81eb1348668dd797f5fc356.thefretdetective.com",
            "geolocation_routing_policy": [],
            "geoproximity_routing_policy": [],
            "health_check_id": "",
            "id": "Z0009849FTH59URS3X3P__568b36aab81eb1348668dd797f5fc356.thefretdetective.com._CNAME",
            "latency_routing_policy": [],
            "multivalue_answer_routing_policy": false,
            "name": "_568b36aab81eb1348668dd797f5fc356.thefretdetective.com",
            "records": [
              "_ee3cbe04144f6edd24c9f4efa8e00885.jkddzztszm.acm-validations.aws."
            ],
            "set_identifier": "",
            "timeouts": null,
            "ttl": 60,
            "type": "CNAME",
            "weighted_routing_policy": [],
            "zone_id": "Z0009849FTH59URS3X3P"
          },
          "sensitive_attributes": [],
          "identity_schema_version": 0,
          "private": "eyJlMmJmYjczMC1lY2FhLTExZTYtOGY4OC0zNDM2M2JjN2M0YzAiOnsiY3JlYXRlIjoxODAwMDAwMDAwMDAwLCJkZWxldGUiOjE4MDAwMDAwMDAwMDAsInVwZGF0ZSI6MTgwMDAwMDAwMDAwMH0sInNjaGVtYV92ZXJzaW9uIjoiMiJ9",
          "dependencies": [
            "aws_acm_certificate.website",
            "aws_route53_zone.main"
          ]
        },
        {
          "index_key": "www.thefretdetective.com",
          "schema_version": 2,
          "attributes": {
            "alias": [],
            "allow_overwrite": true,
            "cidr_routing_policy": [],
            "failover_routing_policy": [],
            "fqdn": "_7e6f9b8aa743ea9abb2633e229825397.www.thefretdetective.com",
            "geolocation_routing_policy": [],
            "geoproximity_routing_policy": [],
            "health_check_id": "",
            "id": "Z0009849FTH59URS3X3P__7e6f9b8aa743ea9abb2633e229825397.www.thefretdetective.com._CNAME",
            "latency_routing_policy": [],
            "multivalue_answer_routing_policy": false,
            "name": "_7e6f9b8aa743ea9abb2633e229825397.www.thefretdetective.com",
            "records": [
              "_8f7964a35e828b015efd9f1607e37c0e.jkddzztszm.acm-validations.aws."
            ],
            "set_identifier": "",
            "timeouts": null,
            "ttl": 60,
            "type": "CNAME",
            "weighted_routing_policy": [],
            "zone_id": "Z0009849FTH59URS3X3P"
          },
          "sensitive_attributes": [],
          "identity_schema_version": 0,
          "private": "eyJlMmJmYjczMC1lY2FhLTExZTYtOGY4OC0zNDM2M2JjN2M0YzAiOnsiY3JlYXRlIjoxODAwMDAwMDAwMDAwLCJkZWxldGUiOjE4MDAwMDAwMDAwMDAsInVwZGF0ZSI6MTgwMDAwMDAwMDAwMH0sInNjaGVtYV92ZXJzaW9uIjoiMiJ9",
          "dependencies": [
            "aws_acm_certificate.website",
            "aws_route53_zone.main"
          ]
        }
      ]
    },
    {
      "mode": "managed",
      "type": "aws_route53_zone",
      "name": "main",
      "provider": "provider[\"registry.terraform.io/hashicorp/aws\"]",
      "instances": [
        {
          "schema_version": 0,
          "attributes": {
            "arn": "arn:aws:route53:::hostedzone/Z0009849FTH59URS3X3P",
            "comment": "Managed by Terraform",
            "delegation_set_id": "",
            "force_destroy": false,
            "id": "Z0009849FTH59URS3X3P",
            "name": "thefretdetective.com",
            "name_servers": [
              "ns-1344.awsdns-40.org",
              "ns-1771.awsdns-29.co.uk",
              "ns-399.awsdns-49.com",
              "ns-583.awsdns-08.net"
            ],
            "primary_name_server": "ns-583.awsdns-08.net",
            "tags": {
              "Name": "Fret Detective DNS Zone"
            },
            "tags_all": {
              "Environment": "prod",
              "ManagedBy": "terraform",
              "Name": "Fret Detective DNS Zone",
              "Project": "thefretdetective"
            },
            "timeouts": null,
            "vpc": [],
            "zone_id": "Z0009849FTH59URS3X3P"
          },
          "sensitive_attributes": [],
          "identity_schema_version": 0,
          "private": "eyJlMmJmYjczMC1lY2FhLTExZTYtOGY4OC0zNDM2M2JjN2M0YzAiOnsiY3JlYXRlIjoxODAwMDAwMDAwMDAwLCJkZWxldGUiOjE4MDAwMDAwMDAwMDAsInVwZGF0ZSI6MTgwMDAwMDAwMDAwMH19"
        }
      ]
    },
    {
      "mode": "managed",
      "type": "aws_s3_bucket",
      "name": "website",
      "provider": "provider[\"registry.terraform.io/hashicorp/aws\"]",
      "instances": [
        {
          "schema_version": 0,
          "attributes": {
            "acceleration_status": "",
            "acl": null,
            "arn": "arn:aws:s3:::thefretdetective-website",
            "bucket": "thefretdetective-website",
            "bucket_domain_name": "thefretdetective-website.s3.amazonaws.com",
            "bucket_prefix": "",
            "bucket_regional_domain_name": "thefretdetective-website.s3.us-east-1.amazonaws.com",
            "cors_rule": [],
            "force_destroy": false,
            "grant": [
              {
                "id": "b45c89f38bd19deb8e566ccab5fc88406ef3f1a5324e4ef24c192269546e4ce8",
                "permissions": [
                  "FULL_CONTROL"
                ],
                "type": "CanonicalUser",
                "uri": ""
              }
            ],
            "hosted_zone_id": "Z3AQBSTGFYJSTF",
            "id": "thefretdetective-website",
            "lifecycle_rule": [],
            "logging": [],
            "object_lock_configuration": [],
            "object_lock_enabled": false,
            "policy": "",
            "region": "us-east-1",
            "replication_configuration": [],
            "request_payer": "BucketOwner",
            "server_side_encryption_configuration": [
              {
                "rule": [
                  {
                    "apply_server_side_encryption_by_default": [
                      {
                        "kms_master_key_id": "",
                        "sse_algorithm": "AES256"
                      }
                    ],
                    "bucket_key_enabled": false
                  }
                ]
              }
            ],
            "tags": {
              "Name": "Fret Detective Website"
            },
            "tags_all": {
              "Environment": "prod",
              "ManagedBy": "terraform",
              "Name": "Fret Detective Website",
              "Project": "thefretdetective"
            },
            "timeouts": null,
            "versioning": [
              {
                "enabled": false,
                "mfa_delete": false
              }
            ],
            "website": [],
            "website_domain": null,
            "website_endpoint": null
          },
          "sensitive_attributes": [],
          "identity_schema_version": 0,
          "private": "eyJlMmJmYjczMC1lY2FhLTExZTYtOGY4OC0zNDM2M2JjN2M0YzAiOnsiY3JlYXRlIjoxMjAwMDAwMDAwMDAwLCJkZWxldGUiOjM2MDAwMDAwMDAwMDAsInJlYWQiOjEyMDAwMDAwMDAwMDAsInVwZGF0ZSI6MTIwMDAwMDAwMDAwMH19"
        }
      ]
    },
    {
      "mode": "managed",
      "type": "aws_s3_bucket_public_access_block",
      "name": "website",
      "provider": "provider[\"registry.terraform.io/hashicorp/aws\"]",
      "instances": [
        {
          "schema_version": 0,
          "attributes": {
            "block_public_acls": true,
            "block_public_policy": true,
            "bucket": "thefretdetective-website",
            "id": "thefretdetective-website",
            "ignore_public_acls": true,
            "restrict_public_buckets": true
          },
          "sensitive_attributes": [],
          "identity_schema_version": 0,
          "private": "bnVsbA==",
          "dependencies": [
            "aws_s3_bucket.website"
          ]
        }
      ]
    },
    {
      "mode": "managed",
      "type": "aws_s3_bucket_server_side_encryption_configuration",
      "name": "website",
      "provider": "provider[\"registry.terraform.io/hashicorp/aws\"]",
      "instances": [
        {
          "schema_version": 0,
          "attributes": {
            "bucket": "thefretdetective-website",
            "expected_bucket_owner": "",
            "id": "thefretdetective-website",
            "rule": [
              {
                "apply_server_side_encryption_by_default": [
                  {
                    "kms_master_key_id": "",
                    "sse_algorithm": "AES256"
                  }
                ],
                "bucket_key_enabled": null
              }
            ]
          },
          "sensitive_attributes": [],
          "identity_schema_version": 0,
          "private": "bnVsbA==",
          "dependencies": [
            "aws_s3_bucket.website"
          ]
        }
      ]
    },
    {
      "mode": "managed",
      "type": "aws_s3_bucket_versioning",
      "name": "website",
      "provider": "provider[\"registry.terraform.io/hashicorp/aws\"]",
      "instances": [
        {
          "schema_version": 0,
          "attributes": {
            "bucket": "thefretdetective-website",
            "expected_bucket_owner": "",
            "id": "thefretdetective-website",
            "mfa": null,
            "versioning_configuration": [
              {
                "mfa_delete": "",
                "status": "Enabled"
              }
            ]
          },
          "sensitive_attributes": [],
          "identity_schema_version": 0,
          "private": "bnVsbA==",
          "dependencies": [
            "aws_s3_bucket.website"
          ]
        }
      ]
    }
  ],
  "check_results": null
}
